// !$*UTF8*$!
{
	archiveVersion = 1;
	classes = {
	};
	objectVersion = 77;
	objects = {

/* Begin PBXBuildFile section */
		7F02B85A2DBB490E002A4F1F /* Hero in Frameworks */ = {isa = PBXBuildFile; productRef = 7F02B8592DBB490E002A4F1F /* Hero */; };
		7F1CE1CA2E0A59A6003773AC /* MobileAdsClient in Frameworks */ = {isa = PBXBuildFile; productRef = 7F1CE1C92E0A59A6003773AC /* MobileAdsClient */; };
		7F1CE1CC2E0A59A6003773AC /* MobileAdsClientLive in Frameworks */ = {isa = PBXBuildFile; productRef = 7F1CE1CB2E0A59A6003773AC /* MobileAdsClientLive */; };
		7F1CE1CE2E0A59A6003773AC /* MobileAdsClientUI in Frameworks */ = {isa = PBXBuildFile; productRef = 7F1CE1CD2E0A59A6003773AC /* MobileAdsClientUI */; };
		7F4079D22DBA1EA2004FBE25 /* MediaPlayerClientLive in Frameworks */ = {isa = PBXBuildFile; productRef = 7F4079D12DBA1EA2004FBE25 /* MediaPlayerClientLive */; };
		7F4079DA2DBA21A7004FBE25 /* UIKitPreviews in Frameworks */ = {isa = PBXBuildFile; productRef = 7F4079D92DBA21A7004FBE25 /* UIKitPreviews */; };
		7F4A24072D599FB40036D1C7 /* NotificationsClient in Frameworks */ = {isa = PBXBuildFile; productRef = 7F4A24062D599FB40036D1C7 /* NotificationsClient */; };
		7F5399B82CED7209003141AC /* UIConstants in Frameworks */ = {isa = PBXBuildFile; productRef = 7F5399B72CED7209003141AC /* UIConstants */; };
		7F5399BA2CED72B1003141AC /* UIModifiers in Frameworks */ = {isa = PBXBuildFile; productRef = 7F5399B92CED72B1003141AC /* UIModifiers */; };
		7F6167482DCC98DF00F20023 /* MusicWasmClient in Frameworks */ = {isa = PBXBuildFile; productRef = 7F6167472DCC98DF00F20023 /* MusicWasmClient */; };
		7F61674A2DCC98DF00F20023 /* MusicWasmClientLive in Frameworks */ = {isa = PBXBuildFile; productRef = 7F6167492DCC98DF00F20023 /* MusicWasmClientLive */; };
		7F6585572E0907BE006ADF1C /* UIKitPreviews in Frameworks */ = {isa = PBXBuildFile; productRef = 7F6585562E0907BE006ADF1C /* UIKitPreviews */; };
		7F65855B2E093E9B006ADF1C /* UIComponents in Frameworks */ = {isa = PBXBuildFile; productRef = 7F65855A2E093E9B006ADF1C /* UIComponents */; };
		7F6CB3372DFBDC4E003CB3A5 /* MCP in Frameworks */ = {isa = PBXBuildFile; productRef = 7F6CB3362DFBDC4E003CB3A5 /* MCP */; };
		7F76A20F2D5C5BA8001C9C6A /* TCAInitializableReducer in Frameworks */ = {isa = PBXBuildFile; productRef = 7F76A20E2D5C5BA8001C9C6A /* TCAInitializableReducer */; };
		7F79E4B22DD48D7A008EAA8D /* NowPlayingClient in Frameworks */ = {isa = PBXBuildFile; productRef = 7F79E4B12DD48D7A008EAA8D /* NowPlayingClient */; };
		7F79E4B42DD48D7A008EAA8D /* NowPlayingClientLive in Frameworks */ = {isa = PBXBuildFile; productRef = 7F79E4B32DD48D7A008EAA8D /* NowPlayingClientLive */; };
		7F7DF8CC2DA76B8F004A2F42 /* ArchiveClient in Frameworks */ = {isa = PBXBuildFile; productRef = 7F7DF8CB2DA76B8F004A2F42 /* ArchiveClient */; };
		7F7DF8CE2DA76BD2004A2F42 /* PhotosClient in Frameworks */ = {isa = PBXBuildFile; productRef = 7F7DF8CD2DA76BD2004A2F42 /* PhotosClient */; };
		7F7DF8D02DA76BD2004A2F42 /* PhotosClientLive in Frameworks */ = {isa = PBXBuildFile; productRef = 7F7DF8CF2DA76BD2004A2F42 /* PhotosClientLive */; };
		7F7DF8D22DA77352004A2F42 /* StoreKitClient in Frameworks */ = {isa = PBXBuildFile; productRef = 7F7DF8D12DA77352004A2F42 /* StoreKitClient */; };
		7F7DF8D42DA77352004A2F42 /* StoreKitClientLive in Frameworks */ = {isa = PBXBuildFile; productRef = 7F7DF8D32DA77352004A2F42 /* StoreKitClientLive */; };
		7F7DF8D62DA77BDF004A2F42 /* PHAssetClient in Frameworks */ = {isa = PBXBuildFile; productRef = 7F7DF8D52DA77BDF004A2F42 /* PHAssetClient */; };
		7F7DF8D82DA77BDF004A2F42 /* PHAssetClientLive in Frameworks */ = {isa = PBXBuildFile; productRef = 7F7DF8D72DA77BDF004A2F42 /* PHAssetClientLive */; };
		7F7E0D612D55D18200D3A652 /* MobileAdsClient in Frameworks */ = {isa = PBXBuildFile; productRef = 7F7E0D602D55D18200D3A652 /* MobileAdsClient */; };
		7F7E0D632D55D18200D3A652 /* MobileAdsClientLive in Frameworks */ = {isa = PBXBuildFile; productRef = 7F7E0D622D55D18200D3A652 /* MobileAdsClientLive */; };
		7F7E0D652D55D18200D3A652 /* MobileAdsClientUI in Frameworks */ = {isa = PBXBuildFile; productRef = 7F7E0D642D55D18200D3A652 /* MobileAdsClientUI */; };
		7F8C72AE2DC0471D003561D5 /* UIExtensions in Frameworks */ = {isa = PBXBuildFile; productRef = 7F8C72AD2DC0471D003561D5 /* UIExtensions */; };
		7F8C72B82DC07180003561D5 /* DataExtensions in Frameworks */ = {isa = PBXBuildFile; productRef = 7F8C72B72DC07180003561D5 /* DataExtensions */; };
		7F8C72BA2DC08284003561D5 /* MediaPlayerClient in Frameworks */ = {isa = PBXBuildFile; productRef = 7F8C72B92DC08284003561D5 /* MediaPlayerClient */; };
		7F8C72BD2DC0BFCD003561D5 /* Kingfisher in Frameworks */ = {isa = PBXBuildFile; productRef = 7F8C72BC2DC0BFCD003561D5 /* Kingfisher */; };
		7F8C72BF2DC0F8DB003561D5 /* TimerClient in Frameworks */ = {isa = PBXBuildFile; productRef = 7F8C72BE2DC0F8DB003561D5 /* TimerClient */; };
		7F8C72C12DC10322003561D5 /* TimerClientLive in Frameworks */ = {isa = PBXBuildFile; productRef = 7F8C72C02DC10322003561D5 /* TimerClientLive */; };
		7F8E6DD42D5DB8820050BDAF /* NativeAdClient in Frameworks */ = {isa = PBXBuildFile; productRef = 7F8E6DD32D5DB8820050BDAF /* NativeAdClient */; };
		7F8E6DD62D5DB8820050BDAF /* NativeAdClientLive in Frameworks */ = {isa = PBXBuildFile; productRef = 7F8E6DD52D5DB8820050BDAF /* NativeAdClientLive */; };
		7FB3A8E82D830ACB00C66D26 /* Hero in Frameworks */ = {isa = PBXBuildFile; productRef = 7FB3A8E72D830ACB00C66D26 /* Hero */; };
		7FB7E7952CE710BE004A300C /* ImageMagick in Frameworks */ = {isa = PBXBuildFile; productRef = 7FB7E7942CE710BE004A300C /* ImageMagick */; };
		7FB7E7972CE710F5004A300C /* libz.tbd in Frameworks */ = {isa = PBXBuildFile; fileRef = 7FB7E7962CE710F5004A300C /* libz.tbd */; };
		7FBA6F2B2D9B7D0600C096C8 /* StoreKitClient in Frameworks */ = {isa = PBXBuildFile; productRef = 7FBA6F2A2D9B7D0600C096C8 /* StoreKitClient */; };
		7FBA70652D9B9D1800C096C8 /* RemoteConfigClient in Frameworks */ = {isa = PBXBuildFile; productRef = 7FBA70642D9B9D1800C096C8 /* RemoteConfigClient */; };
		7FBA70672D9B9D1800C096C8 /* RemoteConfigClientLive in Frameworks */ = {isa = PBXBuildFile; productRef = 7FBA70662D9B9D1800C096C8 /* RemoteConfigClientLive */; };
		7FC297892CFD94AC00674EEA /* UIComponents in Frameworks */ = {isa = PBXBuildFile; productRef = 7FC297882CFD94AC00674EEA /* UIComponents */; };
		7FDD6FCF2D6FF67D00082A78 /* NotificationsClientUI in Frameworks */ = {isa = PBXBuildFile; productRef = 7FDD6FCE2D6FF67D00082A78 /* NotificationsClientUI */; };
		7FE06F742D51CAC60002164B /* TCAFeatureAction in Frameworks */ = {isa = PBXBuildFile; productRef = 7FE06F732D51CAC60002164B /* TCAFeatureAction */; };
		7FE434922E1FB0E300EDF17A /* AuthenticationCore in Frameworks */ = {isa = PBXBuildFile; productRef = 7FE434912E1FB0E300EDF17A /* AuthenticationCore */; };
		7FEB9FCD2DB8800A00CE85BB /* MediaPlayerClientLive in Frameworks */ = {isa = PBXBuildFile; productRef = 7FEB9FCC2DB8800A00CE85BB /* MediaPlayerClientLive */; };
/* End PBXBuildFile section */

/* Begin PBXCopyFilesBuildPhase section */
		7F2200812D82C73B00CF87E4 /* Embed Frameworks */ = {
			isa = PBXCopyFilesBuildPhase;
			buildActionMask = 2147483647;
			dstPath = "";
			dstSubfolderSpec = 10;
			files = (
			);
			name = "Embed Frameworks";
			runOnlyForDeploymentPostprocessing = 0;
		};
/* End PBXCopyFilesBuildPhase section */

/* Begin PBXFileReference section */
		7F17AB302DCA3FEE00B2244E /* SQLiteExplorations.app */ = {isa = PBXFileReference; explicitFileType = wrapper.application; includeInIndex = 0; path = SQLiteExplorations.app; sourceTree = BUILT_PRODUCTS_DIR; };
		7F1E19F32E1FAE4300391585 /* NetworkPreview.app */ = {isa = PBXFileReference; explicitFileType = wrapper.application; includeInIndex = 0; path = NetworkPreview.app; sourceTree = BUILT_PRODUCTS_DIR; };
		7F4079A22DBA19FC004FBE25 /* MediaPlayerPreview.app */ = {isa = PBXFileReference; explicitFileType = wrapper.application; includeInIndex = 0; path = MediaPlayerPreview.app; sourceTree = BUILT_PRODUCTS_DIR; };
		7F5FF2E52DB5EAA40087B9B4 /* IJKMediaFramework.xcframework */ = {isa = PBXFileReference; lastKnownFileType = wrapper.xcframework; name = IJKMediaFramework.xcframework; path = "../../../Downloads/IJKMediaPlayer-master/IJKMediaFramework/IJKMediaFramework.xcframework"; sourceTree = "<group>"; };
		7F6583382E08F721006ADF1C /* UIDemoPreview.app */ = {isa = PBXFileReference; explicitFileType = wrapper.application; includeInIndex = 0; path = UIDemoPreview.app; sourceTree = BUILT_PRODUCTS_DIR; };
		7FB7E7792CE71033004A300C /* Example.app */ = {isa = PBXFileReference; explicitFileType = wrapper.application; includeInIndex = 0; path = Example.app; sourceTree = BUILT_PRODUCTS_DIR; };
		7FB7E7962CE710F5004A300C /* libz.tbd */ = {isa = PBXFileReference; lastKnownFileType = "sourcecode.text-based-dylib-definition"; name = libz.tbd; path = usr/lib/libz.tbd; sourceTree = SDKROOT; };
		7FBA6F112D9B7C9600C096C8 /* StoreKitPreview.app */ = {isa = PBXFileReference; explicitFileType = wrapper.application; includeInIndex = 0; path = StoreKitPreview.app; sourceTree = BUILT_PRODUCTS_DIR; };
/* End PBXFileReference section */

/* Begin PBXFileSystemSynchronizedBuildFileExceptionSet section */
		7F17AB422DCA3FF500B2244E /* Exceptions for "Example" folder in "SQLiteExplorations" target */ = {
			isa = PBXFileSystemSynchronizedBuildFileExceptionSet;
			membershipExceptions = (
				Previews/SQLiteExplorations/Assets.xcassets,
				Previews/SQLiteExplorations/ContentView.swift,
				Previews/SQLiteExplorations/SQLiteExplorationsApp.swift,
			);
			target = 7F17AB2F2DCA3FEE00B2244E /* SQLiteExplorations */;
		};
		7F1E1A052E1FAE4C00391585 /* Exceptions for "Example" folder in "NetworkPreview" target */ = {
			isa = PBXFileSystemSynchronizedBuildFileExceptionSet;
			membershipExceptions = (
				Previews/NetworkPreview/Assets.xcassets,
				Previews/NetworkPreview/ContentView.swift,
				Previews/NetworkPreview/NetworkPreviewApp.swift,
			);
			target = 7F1E19F22E1FAE4300391585 /* NetworkPreview */;
		};
		7F4079C72DBA1A0F004FBE25 /* Exceptions for "Example" folder in "MediaPlayerPreview" target */ = {
			isa = PBXFileSystemSynchronizedBuildFileExceptionSet;
			membershipExceptions = (
				Previews/MediaPlayerPreview/Apps/AppDelegate.swift,
				Previews/MediaPlayerPreview/Apps/SceneDelegate.swift,
				Previews/MediaPlayerPreview/Controllers/EqualizerViewController.swift,
				Previews/MediaPlayerPreview/Controllers/MediaPlayerViewController.swift,
				Previews/MediaPlayerPreview/Controllers/MoreViewController.swift,
				Previews/MediaPlayerPreview/Controllers/PlaybackSpeedViewController.swift,
				Previews/MediaPlayerPreview/Controllers/PlayerViewController.swift,
				Previews/MediaPlayerPreview/Controllers/SleepTimerViewController.swift,
				Previews/MediaPlayerPreview/Models/EqualizerStore.swift,
				Previews/MediaPlayerPreview/Models/MediaPlayerStore.swift,
				Previews/MediaPlayerPreview/Models/PlayerStore.swift,
				Previews/MediaPlayerPreview/Models/SleepTimer.swift,
				Previews/MediaPlayerPreview/Resources/Assets.xcassets,
				Previews/MediaPlayerPreview/Resources/sample_track_1.mp3,
				Previews/MediaPlayerPreview/Resources/sample_track_2.mp3,
				Previews/MediaPlayerPreview/Resources/sample_track_3.mp3,
				Previews/MediaPlayerPreview/Resources/sample_track_4.mp4,
				Previews/MediaPlayerPreview/Views/AccessoryCell.swift,
				Previews/MediaPlayerPreview/Views/BandCell.swift,
				Previews/MediaPlayerPreview/Views/EqualizerCell.swift,
				Previews/MediaPlayerPreview/Views/LyricsView.swift,
				Previews/MediaPlayerPreview/Views/RelatedView.swift,
				Previews/MediaPlayerPreview/Views/TrackCell.swift,
				Previews/MediaPlayerPreview/Views/UpnextView.swift,
				Previews/MediaPlayerPreview/Views/VerticalSlider.swift,
				"Supporting Files/Assets.xcassets",
			);
			target = 7F4079A12DBA19FC004FBE25 /* MediaPlayerPreview */;
		};
		7F65835E2E08F927006ADF1C /* Exceptions for "Example" folder in "UIDemoPreview" target */ = {
			isa = PBXFileSystemSynchronizedBuildFileExceptionSet;
			membershipExceptions = (
				"/Localized: Previews/UIDemoPreview/LaunchScreen.storyboard",
				Previews/UIDemoPreview/AppDelegate.swift,
				Previews/UIDemoPreview/Assets.xcassets,
				Previews/UIDemoPreview/DraftNativeAdView.swift,
				Previews/UIDemoPreview/NativeAdViewController.swift,
				Previews/UIDemoPreview/SceneDelegate.swift,
				Previews/UIDemoPreview/UIDemoViewController.swift,
				Previews/UIDemoPreview/ViewController.swift,
				"Supporting Files/GoogleService-Info.plist",
			);
			target = 7F6583372E08F721006ADF1C /* UIDemoPreview */;
		};
		7FBA6F292D9B7C9E00C096C8 /* Exceptions for "Example" folder in "StoreKitPreview" target */ = {
			isa = PBXFileSystemSynchronizedBuildFileExceptionSet;
			membershipExceptions = (
				Previews/StoreKitPreview/App.swift,
				Previews/StoreKitPreview/Assets.xcassets,
				Previews/StoreKitPreview/ProductConfig.swift,
				Previews/StoreKitPreview/StoreView.swift,
				Previews/StoreKitPreview/Subscriptions.swift,
			);
			target = 7FBA6F102D9B7C9600C096C8 /* StoreKitPreview */;
		};
		7FE06F6E2D51B9F20002164B /* Exceptions for "Example" folder in "Example" target */ = {
			isa = PBXFileSystemSynchronizedBuildFileExceptionSet;
			membershipExceptions = (
				"/Localized: Previews/UIDemoPreview/LaunchScreen.storyboard",
				Previews/MediaPlayerPreview/Apps/AppDelegate.swift,
				Previews/MediaPlayerPreview/Apps/SceneDelegate.swift,
				Previews/MediaPlayerPreview/Controllers/EqualizerViewController.swift,
				Previews/MediaPlayerPreview/Controllers/MediaPlayerViewController.swift,
				Previews/MediaPlayerPreview/Controllers/MoreViewController.swift,
				Previews/MediaPlayerPreview/Controllers/PlaybackSpeedViewController.swift,
				Previews/MediaPlayerPreview/Controllers/PlayerViewController.swift,
				Previews/MediaPlayerPreview/Controllers/SleepTimerViewController.swift,
				Previews/MediaPlayerPreview/Models/EqualizerStore.swift,
				Previews/MediaPlayerPreview/Models/MediaPlayerStore.swift,
				Previews/MediaPlayerPreview/Models/PlayerStore.swift,
				Previews/MediaPlayerPreview/Models/SleepTimer.swift,
				Previews/MediaPlayerPreview/Resources/Assets.xcassets,
				Previews/MediaPlayerPreview/Resources/sample_track_1.mp3,
				Previews/MediaPlayerPreview/Resources/sample_track_2.mp3,
				Previews/MediaPlayerPreview/Resources/sample_track_3.mp3,
				Previews/MediaPlayerPreview/Resources/sample_track_4.mp4,
				Previews/MediaPlayerPreview/SupportingFiles/Info.plist,
				Previews/MediaPlayerPreview/Views/AccessoryCell.swift,
				Previews/MediaPlayerPreview/Views/BandCell.swift,
				Previews/MediaPlayerPreview/Views/EqualizerCell.swift,
				Previews/MediaPlayerPreview/Views/LyricsView.swift,
				Previews/MediaPlayerPreview/Views/RelatedView.swift,
				Previews/MediaPlayerPreview/Views/TrackCell.swift,
				Previews/MediaPlayerPreview/Views/UpnextView.swift,
				Previews/MediaPlayerPreview/Views/VerticalSlider.swift,
				Previews/NetworkPreview/Assets.xcassets,
				Previews/NetworkPreview/ContentView.swift,
				Previews/NetworkPreview/NetworkPreviewApp.swift,
				Previews/SQLiteExplorations/Assets.xcassets,
				Previews/SQLiteExplorations/ContentView.swift,
				Previews/SQLiteExplorations/SQLiteExplorationsApp.swift,
				Previews/StoreKitPreview/App.swift,
				Previews/StoreKitPreview/Assets.xcassets,
				Previews/StoreKitPreview/ProductConfig.swift,
				Previews/StoreKitPreview/StoreView.swift,
				Previews/StoreKitPreview/Subscriptions.swift,
				Previews/UIDemoPreview/AppDelegate.swift,
				Previews/UIDemoPreview/Assets.xcassets,
				Previews/UIDemoPreview/DraftNativeAdView.swift,
				Previews/UIDemoPreview/Info.plist,
				Previews/UIDemoPreview/NativeAdViewController.swift,
				Previews/UIDemoPreview/SceneDelegate.swift,
				Previews/UIDemoPreview/UIDemoViewController.swift,
				Previews/UIDemoPreview/ViewController.swift,
				"Supporting Files/Info.plist",
			);
			target = 7FB7E7782CE71033004A300C /* Example */;
		};
/* End PBXFileSystemSynchronizedBuildFileExceptionSet section */

/* Begin PBXFileSystemSynchronizedRootGroup section */
		7FB7E77B2CE71033004A300C /* Example */ = {
			isa = PBXFileSystemSynchronizedRootGroup;
			exceptions = (
				7FE06F6E2D51B9F20002164B /* Exceptions for "Example" folder in "Example" target */,
				7FBA6F292D9B7C9E00C096C8 /* Exceptions for "Example" folder in "StoreKitPreview" target */,
				7F4079C72DBA1A0F004FBE25 /* Exceptions for "Example" folder in "MediaPlayerPreview" target */,
				7F17AB422DCA3FF500B2244E /* Exceptions for "Example" folder in "SQLiteExplorations" target */,
				7F65835E2E08F927006ADF1C /* Exceptions for "Example" folder in "UIDemoPreview" target */,
				7F1E1A052E1FAE4C00391585 /* Exceptions for "Example" folder in "NetworkPreview" target */,
			);
			path = Example;
			sourceTree = "<group>";
		};
/* End PBXFileSystemSynchronizedRootGroup section */

/* Begin PBXFrameworksBuildPhase section */
		7F17AB2D2DCA3FEE00B2244E /* Frameworks */ = {
			isa = PBXFrameworksBuildPhase;
			buildActionMask = 2147483647;
			files = (
			);
			runOnlyForDeploymentPostprocessing = 0;
		};
		7F1E19F02E1FAE4300391585 /* Frameworks */ = {
			isa = PBXFrameworksBuildPhase;
			buildActionMask = 2147483647;
			files = (
				7FE434922E1FB0E300EDF17A /* AuthenticationCore in Frameworks */,
			);
			runOnlyForDeploymentPostprocessing = 0;
		};
		7F40799F2DBA19FC004FBE25 /* Frameworks */ = {
			isa = PBXFrameworksBuildPhase;
			buildActionMask = 2147483647;
			files = (
				7F8C72B82DC07180003561D5 /* DataExtensions in Frameworks */,
				7F4079DA2DBA21A7004FBE25 /* UIKitPreviews in Frameworks */,
				7F8C72BD2DC0BFCD003561D5 /* Kingfisher in Frameworks */,
				7F79E4B22DD48D7A008EAA8D /* NowPlayingClient in Frameworks */,
				7F8C72C12DC10322003561D5 /* TimerClientLive in Frameworks */,
				7F8C72BF2DC0F8DB003561D5 /* TimerClient in Frameworks */,
				7F02B85A2DBB490E002A4F1F /* Hero in Frameworks */,
				7F79E4B42DD48D7A008EAA8D /* NowPlayingClientLive in Frameworks */,
				7F8C72AE2DC0471D003561D5 /* UIExtensions in Frameworks */,
				7F4079D22DBA1EA2004FBE25 /* MediaPlayerClientLive in Frameworks */,
				7F8C72BA2DC08284003561D5 /* MediaPlayerClient in Frameworks */,
				7F6167482DCC98DF00F20023 /* MusicWasmClient in Frameworks */,
				7F61674A2DCC98DF00F20023 /* MusicWasmClientLive in Frameworks */,
			);
			runOnlyForDeploymentPostprocessing = 0;
		};
		7F6583352E08F721006ADF1C /* Frameworks */ = {
			isa = PBXFrameworksBuildPhase;
			buildActionMask = 2147483647;
			files = (
				7F65855B2E093E9B006ADF1C /* UIComponents in Frameworks */,
				7F6585572E0907BE006ADF1C /* UIKitPreviews in Frameworks */,
				7F1CE1CC2E0A59A6003773AC /* MobileAdsClientLive in Frameworks */,
				7F1CE1CA2E0A59A6003773AC /* MobileAdsClient in Frameworks */,
				7F1CE1CE2E0A59A6003773AC /* MobileAdsClientUI in Frameworks */,
			);
			runOnlyForDeploymentPostprocessing = 0;
		};
		7FB7E7762CE71033004A300C /* Frameworks */ = {
			isa = PBXFrameworksBuildPhase;
			buildActionMask = 2147483647;
			files = (
				7F7DF8D62DA77BDF004A2F42 /* PHAssetClient in Frameworks */,
				7FB7E7972CE710F5004A300C /* libz.tbd in Frameworks */,
				7F4A24072D599FB40036D1C7 /* NotificationsClient in Frameworks */,
				7FE06F742D51CAC60002164B /* TCAFeatureAction in Frameworks */,
				7F8E6DD42D5DB8820050BDAF /* NativeAdClient in Frameworks */,
				7FEB9FCD2DB8800A00CE85BB /* MediaPlayerClientLive in Frameworks */,
				7F7DF8D42DA77352004A2F42 /* StoreKitClientLive in Frameworks */,
				7F5399B82CED7209003141AC /* UIConstants in Frameworks */,
				7F7E0D652D55D18200D3A652 /* MobileAdsClientUI in Frameworks */,
				7F7DF8D82DA77BDF004A2F42 /* PHAssetClientLive in Frameworks */,
				7F8E6DD62D5DB8820050BDAF /* NativeAdClientLive in Frameworks */,
				7F7E0D632D55D18200D3A652 /* MobileAdsClientLive in Frameworks */,
				7FBA70652D9B9D1800C096C8 /* RemoteConfigClient in Frameworks */,
				7FB7E7952CE710BE004A300C /* ImageMagick in Frameworks */,
				7F76A20F2D5C5BA8001C9C6A /* TCAInitializableReducer in Frameworks */,
				7F7DF8D22DA77352004A2F42 /* StoreKitClient in Frameworks */,
				7FBA70672D9B9D1800C096C8 /* RemoteConfigClientLive in Frameworks */,
				7F5399BA2CED72B1003141AC /* UIModifiers in Frameworks */,
				7F7E0D612D55D18200D3A652 /* MobileAdsClient in Frameworks */,
				7F7DF8D02DA76BD2004A2F42 /* PhotosClientLive in Frameworks */,
				7FC297892CFD94AC00674EEA /* UIComponents in Frameworks */,
				7FB3A8E82D830ACB00C66D26 /* Hero in Frameworks */,
				7F7DF8CC2DA76B8F004A2F42 /* ArchiveClient in Frameworks */,
				7F7DF8CE2DA76BD2004A2F42 /* PhotosClient in Frameworks */,
				7FDD6FCF2D6FF67D00082A78 /* NotificationsClientUI in Frameworks */,
				7F6CB3372DFBDC4E003CB3A5 /* MCP in Frameworks */,
			);
			runOnlyForDeploymentPostprocessing = 0;
		};
		7FBA6F0E2D9B7C9600C096C8 /* Frameworks */ = {
			isa = PBXFrameworksBuildPhase;
			buildActionMask = 2147483647;
			files = (
				7FBA6F2B2D9B7D0600C096C8 /* StoreKitClient in Frameworks */,
			);
			runOnlyForDeploymentPostprocessing = 0;
		};
/* End PBXFrameworksBuildPhase section */

/* Begin PBXGroup section */
		7FB7E7702CE71033004A300C = {
			isa = PBXGroup;
			children = (
				7FB7E77B2CE71033004A300C /* Example */,
				7FB7E7932CE710BE004A300C /* Frameworks */,
				7FB7E77A2CE71033004A300C /* Products */,
			);
			sourceTree = "<group>";
		};
		7FB7E77A2CE71033004A300C /* Products */ = {
			isa = PBXGroup;
			children = (
				7FB7E7792CE71033004A300C /* Example.app */,
				7FBA6F112D9B7C9600C096C8 /* StoreKitPreview.app */,
				7F4079A22DBA19FC004FBE25 /* MediaPlayerPreview.app */,
				7F17AB302DCA3FEE00B2244E /* SQLiteExplorations.app */,
				7F6583382E08F721006ADF1C /* UIDemoPreview.app */,
				7F1E19F32E1FAE4300391585 /* NetworkPreview.app */,
			);
			name = Products;
			sourceTree = "<group>";
		};
		7FB7E7932CE710BE004A300C /* Frameworks */ = {
			isa = PBXGroup;
			children = (
				7F5FF2E52DB5EAA40087B9B4 /* IJKMediaFramework.xcframework */,
				7FB7E7962CE710F5004A300C /* libz.tbd */,
			);
			name = Frameworks;
			sourceTree = "<group>";
		};
/* End PBXGroup section */

/* Begin PBXNativeTarget section */
		7F17AB2F2DCA3FEE00B2244E /* SQLiteExplorations */ = {
			isa = PBXNativeTarget;
			buildConfigurationList = 7F17AB3A2DCA3FEF00B2244E /* Build configuration list for PBXNativeTarget "SQLiteExplorations" */;
			buildPhases = (
				7F17AB2C2DCA3FEE00B2244E /* Sources */,
				7F17AB2D2DCA3FEE00B2244E /* Frameworks */,
				7F17AB2E2DCA3FEE00B2244E /* Resources */,
			);
			buildRules = (
			);
			dependencies = (
			);
			name = SQLiteExplorations;
			packageProductDependencies = (
			);
			productName = SQLiteExplorations;
			productReference = 7F17AB302DCA3FEE00B2244E /* SQLiteExplorations.app */;
			productType = "com.apple.product-type.application";
		};
		7F1E19F22E1FAE4300391585 /* NetworkPreview */ = {
			isa = PBXNativeTarget;
			buildConfigurationList = 7F1E19FD2E1FAE4500391585 /* Build configuration list for PBXNativeTarget "NetworkPreview" */;
			buildPhases = (
				7F1E19EF2E1FAE4300391585 /* Sources */,
				7F1E19F02E1FAE4300391585 /* Frameworks */,
				7F1E19F12E1FAE4300391585 /* Resources */,
			);
			buildRules = (
			);
			dependencies = (
			);
			name = NetworkPreview;
			packageProductDependencies = (
				7FE434912E1FB0E300EDF17A /* AuthenticationCore */,
			);
			productName = NetworkPreview;
			productReference = 7F1E19F32E1FAE4300391585 /* NetworkPreview.app */;
			productType = "com.apple.product-type.application";
		};
		7F4079A12DBA19FC004FBE25 /* MediaPlayerPreview */ = {
			isa = PBXNativeTarget;
			buildConfigurationList = 7F4079B42DBA19FE004FBE25 /* Build configuration list for PBXNativeTarget "MediaPlayerPreview" */;
			buildPhases = (
				7F40799E2DBA19FC004FBE25 /* Sources */,
				7F40799F2DBA19FC004FBE25 /* Frameworks */,
				7F4079A02DBA19FC004FBE25 /* Resources */,
			);
			buildRules = (
			);
			dependencies = (
			);
			name = MediaPlayerPreview;
			packageProductDependencies = (
				7F4079D12DBA1EA2004FBE25 /* MediaPlayerClientLive */,
				7F4079D92DBA21A7004FBE25 /* UIKitPreviews */,
				7F02B8592DBB490E002A4F1F /* Hero */,
				7F8C72AD2DC0471D003561D5 /* UIExtensions */,
				7F8C72B72DC07180003561D5 /* DataExtensions */,
				7F8C72B92DC08284003561D5 /* MediaPlayerClient */,
				7F8C72BC2DC0BFCD003561D5 /* Kingfisher */,
				7F8C72BE2DC0F8DB003561D5 /* TimerClient */,
				7F8C72C02DC10322003561D5 /* TimerClientLive */,
				7F6167472DCC98DF00F20023 /* MusicWasmClient */,
				7F6167492DCC98DF00F20023 /* MusicWasmClientLive */,
				7F79E4B12DD48D7A008EAA8D /* NowPlayingClient */,
				7F79E4B32DD48D7A008EAA8D /* NowPlayingClientLive */,
			);
			productName = MediaPlayerPreview;
			productReference = 7F4079A22DBA19FC004FBE25 /* MediaPlayerPreview.app */;
			productType = "com.apple.product-type.application";
		};
		7F6583372E08F721006ADF1C /* UIDemoPreview */ = {
			isa = PBXNativeTarget;
			buildConfigurationList = 7F65834A2E08F723006ADF1C /* Build configuration list for PBXNativeTarget "UIDemoPreview" */;
			buildPhases = (
				7F6583342E08F721006ADF1C /* Sources */,
				7F6583352E08F721006ADF1C /* Frameworks */,
				7F6583362E08F721006ADF1C /* Resources */,
			);
			buildRules = (
			);
			dependencies = (
			);
			name = UIDemoPreview;
			packageProductDependencies = (
				7F6585562E0907BE006ADF1C /* UIKitPreviews */,
				7F65855A2E093E9B006ADF1C /* UIComponents */,
				7F1CE1C92E0A59A6003773AC /* MobileAdsClient */,
				7F1CE1CB2E0A59A6003773AC /* MobileAdsClientLive */,
				7F1CE1CD2E0A59A6003773AC /* MobileAdsClientUI */,
			);
			productName = UIDemoPreview;
			productReference = 7F6583382E08F721006ADF1C /* UIDemoPreview.app */;
			productType = "com.apple.product-type.application";
		};
		7FB7E7782CE71033004A300C /* Example */ = {
			isa = PBXNativeTarget;
			buildConfigurationList = 7FB7E7872CE71034004A300C /* Build configuration list for PBXNativeTarget "Example" */;
			buildPhases = (
				7FB7E7752CE71033004A300C /* Sources */,
				7FB7E7762CE71033004A300C /* Frameworks */,
				7FB7E7772CE71033004A300C /* Resources */,
				7F2200812D82C73B00CF87E4 /* Embed Frameworks */,
			);
			buildRules = (
			);
			dependencies = (
			);
			fileSystemSynchronizedGroups = (
				7FB7E77B2CE71033004A300C /* Example */,
			);
			name = Example;
			packageProductDependencies = (
				7FB7E7942CE710BE004A300C /* ImageMagick */,
				7F5399B72CED7209003141AC /* UIConstants */,
				7F5399B92CED72B1003141AC /* UIModifiers */,
				7FC297882CFD94AC00674EEA /* UIComponents */,
				7FE06F732D51CAC60002164B /* TCAFeatureAction */,
				7F7E0D602D55D18200D3A652 /* MobileAdsClient */,
				7F7E0D622D55D18200D3A652 /* MobileAdsClientLive */,
				7F7E0D642D55D18200D3A652 /* MobileAdsClientUI */,
				7F4A24062D599FB40036D1C7 /* NotificationsClient */,
				7F76A20E2D5C5BA8001C9C6A /* TCAInitializableReducer */,
				7F8E6DD32D5DB8820050BDAF /* NativeAdClient */,
				7F8E6DD52D5DB8820050BDAF /* NativeAdClientLive */,
				7FDD6FCE2D6FF67D00082A78 /* NotificationsClientUI */,
				7FB3A8E72D830ACB00C66D26 /* Hero */,
				7FBA70642D9B9D1800C096C8 /* RemoteConfigClient */,
				7FBA70662D9B9D1800C096C8 /* RemoteConfigClientLive */,
				7F7DF8CB2DA76B8F004A2F42 /* ArchiveClient */,
				7F7DF8CD2DA76BD2004A2F42 /* PhotosClient */,
				7F7DF8CF2DA76BD2004A2F42 /* PhotosClientLive */,
				7F7DF8D12DA77352004A2F42 /* StoreKitClient */,
				7F7DF8D32DA77352004A2F42 /* StoreKitClientLive */,
				7F7DF8D52DA77BDF004A2F42 /* PHAssetClient */,
				7F7DF8D72DA77BDF004A2F42 /* PHAssetClientLive */,
				7FEB9FCC2DB8800A00CE85BB /* MediaPlayerClientLive */,
				7F6CB3362DFBDC4E003CB3A5 /* MCP */,
			);
			productName = Example;
			productReference = 7FB7E7792CE71033004A300C /* Example.app */;
			productType = "com.apple.product-type.application";
		};
		7FBA6F102D9B7C9600C096C8 /* StoreKitPreview */ = {
			isa = PBXNativeTarget;
			buildConfigurationList = 7FBA6F1C2D9B7C9700C096C8 /* Build configuration list for PBXNativeTarget "StoreKitPreview" */;
			buildPhases = (
				7FBA6F0D2D9B7C9600C096C8 /* Sources */,
				7FBA6F0E2D9B7C9600C096C8 /* Frameworks */,
				7FBA6F0F2D9B7C9600C096C8 /* Resources */,
			);
			buildRules = (
			);
			dependencies = (
			);
			name = StoreKitPreview;
			packageProductDependencies = (
				7FBA6F2A2D9B7D0600C096C8 /* StoreKitClient */,
			);
			productName = StoreKitPreview;
			productReference = 7FBA6F112D9B7C9600C096C8 /* StoreKitPreview.app */;
			productType = "com.apple.product-type.application";
		};
/* End PBXNativeTarget section */

/* Begin PBXProject section */
		7FB7E7712CE71033004A300C /* Project object */ = {
			isa = PBXProject;
			attributes = {
				BuildIndependentTargetsInParallel = 1;
				LastSwiftUpdateCheck = 1640;
				LastUpgradeCheck = 1610;
				TargetAttributes = {
					7F17AB2F2DCA3FEE00B2244E = {
						CreatedOnToolsVersion = 16.3;
					};
					7F1E19F22E1FAE4300391585 = {
						CreatedOnToolsVersion = 16.4;
					};
					7F4079A12DBA19FC004FBE25 = {
						CreatedOnToolsVersion = 16.3;
					};
					7F6583372E08F721006ADF1C = {
						CreatedOnToolsVersion = 16.4;
					};
					7FB7E7782CE71033004A300C = {
						CreatedOnToolsVersion = 16.1;
					};
					7FBA6F102D9B7C9600C096C8 = {
						CreatedOnToolsVersion = 16.2;
					};
				};
			};
			buildConfigurationList = 7FB7E7742CE71033004A300C /* Build configuration list for PBXProject "Example" */;
			developmentRegion = en;
			hasScannedForEncodings = 0;
			knownRegions = (
				en,
				Base,
			);
			mainGroup = 7FB7E7702CE71033004A300C;
			minimizedProjectReferenceProxies = 1;
			packageReferences = (
				7FB3A8E62D830ACB00C66D26 /* XCRemoteSwiftPackageReference "Hero" */,
				7F8C72BB2DC0BFCD003561D5 /* XCRemoteSwiftPackageReference "Kingfisher" */,
				7F6CB3352DFBD9AC003CB3A5 /* XCRemoteSwiftPackageReference "swift-sdk" */,
			);
			preferredProjectObjectVersion = 77;
			productRefGroup = 7FB7E77A2CE71033004A300C /* Products */;
			projectDirPath = "";
			projectRoot = "";
			targets = (
				7FB7E7782CE71033004A300C /* Example */,
				7FBA6F102D9B7C9600C096C8 /* StoreKitPreview */,
				7F4079A12DBA19FC004FBE25 /* MediaPlayerPreview */,
				7F17AB2F2DCA3FEE00B2244E /* SQLiteExplorations */,
				7F6583372E08F721006ADF1C /* UIDemoPreview */,
				7F1E19F22E1FAE4300391585 /* NetworkPreview */,
			);
		};
/* End PBXProject section */

/* Begin PBXResourcesBuildPhase section */
		7F17AB2E2DCA3FEE00B2244E /* Resources */ = {
			isa = PBXResourcesBuildPhase;
			buildActionMask = 2147483647;
			files = (
			);
			runOnlyForDeploymentPostprocessing = 0;
		};
		7F1E19F12E1FAE4300391585 /* Resources */ = {
			isa = PBXResourcesBuildPhase;
			buildActionMask = 2147483647;
			files = (
			);
			runOnlyForDeploymentPostprocessing = 0;
		};
		7F4079A02DBA19FC004FBE25 /* Resources */ = {
			isa = PBXResourcesBuildPhase;
			buildActionMask = 2147483647;
			files = (
			);
			runOnlyForDeploymentPostprocessing = 0;
		};
		7F6583362E08F721006ADF1C /* Resources */ = {
			isa = PBXResourcesBuildPhase;
			buildActionMask = 2147483647;
			files = (
			);
			runOnlyForDeploymentPostprocessing = 0;
		};
		7FB7E7772CE71033004A300C /* Resources */ = {
			isa = PBXResourcesBuildPhase;
			buildActionMask = 2147483647;
			files = (
			);
			runOnlyForDeploymentPostprocessing = 0;
		};
		7FBA6F0F2D9B7C9600C096C8 /* Resources */ = {
			isa = PBXResourcesBuildPhase;
			buildActionMask = 2147483647;
			files = (
			);
			runOnlyForDeploymentPostprocessing = 0;
		};
/* End PBXResourcesBuildPhase section */

/* Begin PBXSourcesBuildPhase section */
		7F17AB2C2DCA3FEE00B2244E /* Sources */ = {
			isa = PBXSourcesBuildPhase;
			buildActionMask = 2147483647;
			files = (
			);
			runOnlyForDeploymentPostprocessing = 0;
		};
		7F1E19EF2E1FAE4300391585 /* Sources */ = {
			isa = PBXSourcesBuildPhase;
			buildActionMask = 2147483647;
			files = (
			);
			runOnlyForDeploymentPostprocessing = 0;
		};
		7F40799E2DBA19FC004FBE25 /* Sources */ = {
			isa = PBXSourcesBuildPhase;
			buildActionMask = 2147483647;
			files = (
			);
			runOnlyForDeploymentPostprocessing = 0;
		};
		7F6583342E08F721006ADF1C /* Sources */ = {
			isa = PBXSourcesBuildPhase;
			buildActionMask = 2147483647;
			files = (
			);
			runOnlyForDeploymentPostprocessing = 0;
		};
		7FB7E7752CE71033004A300C /* Sources */ = {
			isa = PBXSourcesBuildPhase;
			buildActionMask = 2147483647;
			files = (
			);
			runOnlyForDeploymentPostprocessing = 0;
		};
		7FBA6F0D2D9B7C9600C096C8 /* Sources */ = {
			isa = PBXSourcesBuildPhase;
			buildActionMask = 2147483647;
			files = (
			);
			runOnlyForDeploymentPostprocessing = 0;
		};
/* End PBXSourcesBuildPhase section */

/* Begin XCBuildConfiguration section */
		7F17AB382DCA3FEF00B2244E /* Debug */ = {
			isa = XCBuildConfiguration;
			buildSettings = {
				ASSETCATALOG_COMPILER_APPICON_NAME = AppIcon;
				ASSETCATALOG_COMPILER_GLOBAL_ACCENT_COLOR_NAME = AccentColor;
				CODE_SIGN_STYLE = Automatic;
				CURRENT_PROJECT_VERSION = 1;
				DEVELOPMENT_TEAM = 87T49LGKSG;
				ENABLE_PREVIEWS = YES;
				GENERATE_INFOPLIST_FILE = YES;
				INFOPLIST_KEY_UIApplicationSceneManifest_Generation = YES;
				INFOPLIST_KEY_UIApplicationSupportsIndirectInputEvents = YES;
				INFOPLIST_KEY_UILaunchScreen_Generation = YES;
				INFOPLIST_KEY_UISupportedInterfaceOrientations_iPad = "UIInterfaceOrientationPortrait UIInterfaceOrientationPortraitUpsideDown UIInterfaceOrientationLandscapeLeft UIInterfaceOrientationLandscapeRight";
				INFOPLIST_KEY_UISupportedInterfaceOrientations_iPhone = "UIInterfaceOrientationPortrait UIInterfaceOrientationLandscapeLeft UIInterfaceOrientationLandscapeRight";
				IPHONEOS_DEPLOYMENT_TARGET = 16.0;
				LD_RUNPATH_SEARCH_PATHS = (
					"$(inherited)",
					"@executable_path/Frameworks",
				);
				MARKETING_VERSION = 1.0;
				PRODUCT_BUNDLE_IDENTIFIER = com.thanhhaikhong.SQLiteExplorations;
				PRODUCT_NAME = "$(TARGET_NAME)";
				SWIFT_EMIT_LOC_STRINGS = YES;
				SWIFT_VERSION = 5.0;
				TARGETED_DEVICE_FAMILY = "1,2";
			};
			name = Debug;
		};
		7F17AB392DCA3FEF00B2244E /* Release */ = {
			isa = XCBuildConfiguration;
			buildSettings = {
				ASSETCATALOG_COMPILER_APPICON_NAME = AppIcon;
				ASSETCATALOG_COMPILER_GLOBAL_ACCENT_COLOR_NAME = AccentColor;
				CODE_SIGN_STYLE = Automatic;
				CURRENT_PROJECT_VERSION = 1;
				DEVELOPMENT_TEAM = 87T49LGKSG;
				ENABLE_PREVIEWS = YES;
				GENERATE_INFOPLIST_FILE = YES;
				INFOPLIST_KEY_UIApplicationSceneManifest_Generation = YES;
				INFOPLIST_KEY_UIApplicationSupportsIndirectInputEvents = YES;
				INFOPLIST_KEY_UILaunchScreen_Generation = YES;
				INFOPLIST_KEY_UISupportedInterfaceOrientations_iPad = "UIInterfaceOrientationPortrait UIInterfaceOrientationPortraitUpsideDown UIInterfaceOrientationLandscapeLeft UIInterfaceOrientationLandscapeRight";
				INFOPLIST_KEY_UISupportedInterfaceOrientations_iPhone = "UIInterfaceOrientationPortrait UIInterfaceOrientationLandscapeLeft UIInterfaceOrientationLandscapeRight";
				IPHONEOS_DEPLOYMENT_TARGET = 16.0;
				LD_RUNPATH_SEARCH_PATHS = (
					"$(inherited)",
					"@executable_path/Frameworks",
				);
				MARKETING_VERSION = 1.0;
				PRODUCT_BUNDLE_IDENTIFIER = com.thanhhaikhong.SQLiteExplorations;
				PRODUCT_NAME = "$(TARGET_NAME)";
				SWIFT_EMIT_LOC_STRINGS = YES;
				SWIFT_VERSION = 5.0;
				TARGETED_DEVICE_FAMILY = "1,2";
			};
			name = Release;
		};
		7F1E19FB2E1FAE4500391585 /* Debug */ = {
			isa = XCBuildConfiguration;
			buildSettings = {
				ASSETCATALOG_COMPILER_APPICON_NAME = AppIcon;
				ASSETCATALOG_COMPILER_GLOBAL_ACCENT_COLOR_NAME = AccentColor;
				CODE_SIGN_STYLE = Automatic;
				CURRENT_PROJECT_VERSION = 1;
				DEVELOPMENT_TEAM = C77T3ALUS5;
				ENABLE_PREVIEWS = YES;
				GENERATE_INFOPLIST_FILE = YES;
				INFOPLIST_KEY_UIApplicationSceneManifest_Generation = YES;
				INFOPLIST_KEY_UIApplicationSupportsIndirectInputEvents = YES;
				INFOPLIST_KEY_UILaunchScreen_Generation = YES;
				INFOPLIST_KEY_UISupportedInterfaceOrientations_iPad = "UIInterfaceOrientationPortrait UIInterfaceOrientationPortraitUpsideDown UIInterfaceOrientationLandscapeLeft UIInterfaceOrientationLandscapeRight";
				INFOPLIST_KEY_UISupportedInterfaceOrientations_iPhone = "UIInterfaceOrientationPortrait UIInterfaceOrientationLandscapeLeft UIInterfaceOrientationLandscapeRight";
				IPHONEOS_DEPLOYMENT_TARGET = 18.5;
				LD_RUNPATH_SEARCH_PATHS = (
					"$(inherited)",
					"@executable_path/Frameworks",
				);
				MARKETING_VERSION = 1.0;
				PRODUCT_BUNDLE_IDENTIFIER = com.thanhhaikhong.NetworkPreview;
				PRODUCT_NAME = "$(TARGET_NAME)";
				SWIFT_EMIT_LOC_STRINGS = YES;
				SWIFT_VERSION = 5.0;
				TARGETED_DEVICE_FAMILY = "1,2";
			};
			name = Debug;
		};
		7F1E19FC2E1FAE4500391585 /* Release */ = {
			isa = XCBuildConfiguration;
			buildSettings = {
				ASSETCATALOG_COMPILER_APPICON_NAME = AppIcon;
				ASSETCATALOG_COMPILER_GLOBAL_ACCENT_COLOR_NAME = AccentColor;
				CODE_SIGN_STYLE = Automatic;
				CURRENT_PROJECT_VERSION = 1;
				DEVELOPMENT_TEAM = C77T3ALUS5;
				ENABLE_PREVIEWS = YES;
				GENERATE_INFOPLIST_FILE = YES;
				INFOPLIST_KEY_UIApplicationSceneManifest_Generation = YES;
				INFOPLIST_KEY_UIApplicationSupportsIndirectInputEvents = YES;
				INFOPLIST_KEY_UILaunchScreen_Generation = YES;
				INFOPLIST_KEY_UISupportedInterfaceOrientations_iPad = "UIInterfaceOrientationPortrait UIInterfaceOrientationPortraitUpsideDown UIInterfaceOrientationLandscapeLeft UIInterfaceOrientationLandscapeRight";
				INFOPLIST_KEY_UISupportedInterfaceOrientations_iPhone = "UIInterfaceOrientationPortrait UIInterfaceOrientationLandscapeLeft UIInterfaceOrientationLandscapeRight";
				IPHONEOS_DEPLOYMENT_TARGET = 18.5;
				LD_RUNPATH_SEARCH_PATHS = (
					"$(inherited)",
					"@executable_path/Frameworks",
				);
				MARKETING_VERSION = 1.0;
				PRODUCT_BUNDLE_IDENTIFIER = com.thanhhaikhong.NetworkPreview;
				PRODUCT_NAME = "$(TARGET_NAME)";
				SWIFT_EMIT_LOC_STRINGS = YES;
				SWIFT_VERSION = 5.0;
				TARGETED_DEVICE_FAMILY = "1,2";
			};
			name = Release;
		};
		7F4079B52DBA19FE004FBE25 /* Debug */ = {
			isa = XCBuildConfiguration;
			buildSettings = {
				ASSETCATALOG_COMPILER_APPICON_NAME = AppIcon;
				ASSETCATALOG_COMPILER_GLOBAL_ACCENT_COLOR_NAME = AccentColor;
				CODE_SIGN_STYLE = Automatic;
				CURRENT_PROJECT_VERSION = 1;
				DEVELOPMENT_TEAM = C77T3ALUS5;
				GENERATE_INFOPLIST_FILE = YES;
				INFOPLIST_FILE = Example/Previews/MediaPlayerPreview/SupportingFiles/Info.plist;
				INFOPLIST_KEY_UIApplicationSupportsIndirectInputEvents = YES;
				INFOPLIST_KEY_UILaunchStoryboardName = LaunchScreen;
				INFOPLIST_KEY_UISupportedInterfaceOrientations_iPad = "UIInterfaceOrientationPortrait UIInterfaceOrientationPortraitUpsideDown UIInterfaceOrientationLandscapeLeft UIInterfaceOrientationLandscapeRight";
				INFOPLIST_KEY_UISupportedInterfaceOrientations_iPhone = "UIInterfaceOrientationPortrait UIInterfaceOrientationLandscapeLeft UIInterfaceOrientationLandscapeRight";
				IPHONEOS_DEPLOYMENT_TARGET = 15.0;
				LD_RUNPATH_SEARCH_PATHS = (
					"$(inherited)",
					"@executable_path/Frameworks",
				);
				MARKETING_VERSION = 1.0;
				PRODUCT_BUNDLE_IDENTIFIER = com.zerooone.MusicPlayer;
				PRODUCT_NAME = "$(TARGET_NAME)";
				SWIFT_EMIT_LOC_STRINGS = YES;
				SWIFT_VERSION = 5.0;
				TARGETED_DEVICE_FAMILY = "1,2";
			};
			name = Debug;
		};
		7F4079B62DBA19FE004FBE25 /* Release */ = {
			isa = XCBuildConfiguration;
			buildSettings = {
				ASSETCATALOG_COMPILER_APPICON_NAME = AppIcon;
				ASSETCATALOG_COMPILER_GLOBAL_ACCENT_COLOR_NAME = AccentColor;
				CODE_SIGN_STYLE = Automatic;
				CURRENT_PROJECT_VERSION = 1;
				DEVELOPMENT_TEAM = C77T3ALUS5;
				GENERATE_INFOPLIST_FILE = YES;
				INFOPLIST_FILE = Example/Previews/MediaPlayerPreview/SupportingFiles/Info.plist;
				INFOPLIST_KEY_UIApplicationSupportsIndirectInputEvents = YES;
				INFOPLIST_KEY_UILaunchStoryboardName = LaunchScreen;
				INFOPLIST_KEY_UISupportedInterfaceOrientations_iPad = "UIInterfaceOrientationPortrait UIInterfaceOrientationPortraitUpsideDown UIInterfaceOrientationLandscapeLeft UIInterfaceOrientationLandscapeRight";
				INFOPLIST_KEY_UISupportedInterfaceOrientations_iPhone = "UIInterfaceOrientationPortrait UIInterfaceOrientationLandscapeLeft UIInterfaceOrientationLandscapeRight";
				IPHONEOS_DEPLOYMENT_TARGET = 15.0;
				LD_RUNPATH_SEARCH_PATHS = (
					"$(inherited)",
					"@executable_path/Frameworks",
				);
				MARKETING_VERSION = 1.0;
				PRODUCT_BUNDLE_IDENTIFIER = com.zerooone.MusicPlayer;
				PRODUCT_NAME = "$(TARGET_NAME)";
				SWIFT_EMIT_LOC_STRINGS = YES;
				SWIFT_VERSION = 5.0;
				TARGETED_DEVICE_FAMILY = "1,2";
			};
			name = Release;
		};
		7F65834B2E08F723006ADF1C /* Debug */ = {
			isa = XCBuildConfiguration;
			buildSettings = {
				ASSETCATALOG_COMPILER_APPICON_NAME = AppIcon;
				ASSETCATALOG_COMPILER_GLOBAL_ACCENT_COLOR_NAME = AccentColor;
				CODE_SIGN_STYLE = Automatic;
				CURRENT_PROJECT_VERSION = 1;
				DEVELOPMENT_TEAM = 87T49LGKSG;
				GENERATE_INFOPLIST_FILE = YES;
				INFOPLIST_FILE = Example/Previews/UIDemoPreview/Info.plist;
				INFOPLIST_KEY_UIApplicationSupportsIndirectInputEvents = YES;
				INFOPLIST_KEY_UILaunchStoryboardName = LaunchScreen;
				INFOPLIST_KEY_UISupportedInterfaceOrientations_iPad = "UIInterfaceOrientationPortrait UIInterfaceOrientationPortraitUpsideDown UIInterfaceOrientationLandscapeLeft UIInterfaceOrientationLandscapeRight";
				INFOPLIST_KEY_UISupportedInterfaceOrientations_iPhone = "UIInterfaceOrientationPortrait UIInterfaceOrientationLandscapeLeft UIInterfaceOrientationLandscapeRight";
				IPHONEOS_DEPLOYMENT_TARGET = 16.0;
				LD_RUNPATH_SEARCH_PATHS = (
					"$(inherited)",
					"@executable_path/Frameworks",
				);
				MARKETING_VERSION = 1.0;
				PRODUCT_BUNDLE_IDENTIFIER = com.thanhhaikhong.UIDemoPreview;
				PRODUCT_NAME = "$(TARGET_NAME)";
				SWIFT_EMIT_LOC_STRINGS = YES;
				SWIFT_VERSION = 5.0;
				TARGETED_DEVICE_FAMILY = "1,2";
			};
			name = Debug;
		};
		7F65834C2E08F723006ADF1C /* Release */ = {
			isa = XCBuildConfiguration;
			buildSettings = {
				ASSETCATALOG_COMPILER_APPICON_NAME = AppIcon;
				ASSETCATALOG_COMPILER_GLOBAL_ACCENT_COLOR_NAME = AccentColor;
				CODE_SIGN_STYLE = Automatic;
				CURRENT_PROJECT_VERSION = 1;
				DEVELOPMENT_TEAM = 87T49LGKSG;
				GENERATE_INFOPLIST_FILE = YES;
				INFOPLIST_FILE = Example/Previews/UIDemoPreview/Info.plist;
				INFOPLIST_KEY_UIApplicationSupportsIndirectInputEvents = YES;
				INFOPLIST_KEY_UILaunchStoryboardName = LaunchScreen;
				INFOPLIST_KEY_UISupportedInterfaceOrientations_iPad = "UIInterfaceOrientationPortrait UIInterfaceOrientationPortraitUpsideDown UIInterfaceOrientationLandscapeLeft UIInterfaceOrientationLandscapeRight";
				INFOPLIST_KEY_UISupportedInterfaceOrientations_iPhone = "UIInterfaceOrientationPortrait UIInterfaceOrientationLandscapeLeft UIInterfaceOrientationLandscapeRight";
				IPHONEOS_DEPLOYMENT_TARGET = 16.0;
				LD_RUNPATH_SEARCH_PATHS = (
					"$(inherited)",
					"@executable_path/Frameworks",
				);
				MARKETING_VERSION = 1.0;
				PRODUCT_BUNDLE_IDENTIFIER = com.thanhhaikhong.UIDemoPreview;
				PRODUCT_NAME = "$(TARGET_NAME)";
				SWIFT_EMIT_LOC_STRINGS = YES;
				SWIFT_VERSION = 5.0;
				TARGETED_DEVICE_FAMILY = "1,2";
			};
			name = Release;
		};
		7FB7E7852CE71034004A300C /* Debug */ = {
			isa = XCBuildConfiguration;
			buildSettings = {
				ALWAYS_SEARCH_USER_PATHS = NO;
				ASSETCATALOG_COMPILER_GENERATE_SWIFT_ASSET_SYMBOL_EXTENSIONS = YES;
				CLANG_ANALYZER_NONNULL = YES;
				CLANG_ANALYZER_NUMBER_OBJECT_CONVERSION = YES_AGGRESSIVE;
				CLANG_CXX_LANGUAGE_STANDARD = "gnu++20";
				CLANG_ENABLE_MODULES = YES;
				CLANG_ENABLE_OBJC_ARC = YES;
				CLANG_ENABLE_OBJC_WEAK = YES;
				CLANG_WARN_BLOCK_CAPTURE_AUTORELEASING = YES;
				CLANG_WARN_BOOL_CONVERSION = YES;
				CLANG_WARN_COMMA = YES;
				CLANG_WARN_CONSTANT_CONVERSION = YES;
				CLANG_WARN_DEPRECATED_OBJC_IMPLEMENTATIONS = YES;
				CLANG_WARN_DIRECT_OBJC_ISA_USAGE = YES_ERROR;
				CLANG_WARN_DOCUMENTATION_COMMENTS = YES;
				CLANG_WARN_EMPTY_BODY = YES;
				CLANG_WARN_ENUM_CONVERSION = YES;
				CLANG_WARN_INFINITE_RECURSION = YES;
				CLANG_WARN_INT_CONVERSION = YES;
				CLANG_WARN_NON_LITERAL_NULL_CONVERSION = YES;
				CLANG_WARN_OBJC_IMPLICIT_RETAIN_SELF = YES;
				CLANG_WARN_OBJC_LITERAL_CONVERSION = YES;
				CLANG_WARN_OBJC_ROOT_CLASS = YES_ERROR;
				CLANG_WARN_QUOTED_INCLUDE_IN_FRAMEWORK_HEADER = YES;
				CLANG_WARN_RANGE_LOOP_ANALYSIS = YES;
				CLANG_WARN_STRICT_PROTOTYPES = YES;
				CLANG_WARN_SUSPICIOUS_MOVE = YES;
				CLANG_WARN_UNGUARDED_AVAILABILITY = YES_AGGRESSIVE;
				CLANG_WARN_UNREACHABLE_CODE = YES;
				CLANG_WARN__DUPLICATE_METHOD_MATCH = YES;
				COPY_PHASE_STRIP = NO;
				DEBUG_INFORMATION_FORMAT = dwarf;
				ENABLE_STRICT_OBJC_MSGSEND = YES;
				ENABLE_TESTABILITY = YES;
				ENABLE_USER_SCRIPT_SANDBOXING = YES;
				GCC_C_LANGUAGE_STANDARD = gnu17;
				GCC_DYNAMIC_NO_PIC = NO;
				GCC_NO_COMMON_BLOCKS = YES;
				GCC_OPTIMIZATION_LEVEL = 0;
				GCC_PREPROCESSOR_DEFINITIONS = (
					"DEBUG=1",
					"$(inherited)",
				);
				GCC_WARN_64_TO_32_BIT_CONVERSION = YES;
				GCC_WARN_ABOUT_RETURN_TYPE = YES_ERROR;
				GCC_WARN_UNDECLARED_SELECTOR = YES;
				GCC_WARN_UNINITIALIZED_AUTOS = YES_AGGRESSIVE;
				GCC_WARN_UNUSED_FUNCTION = YES;
				GCC_WARN_UNUSED_VARIABLE = YES;
				IPHONEOS_DEPLOYMENT_TARGET = 18.1;
				LOCALIZATION_PREFERS_STRING_CATALOGS = YES;
				MTL_ENABLE_DEBUG_INFO = INCLUDE_SOURCE;
				MTL_FAST_MATH = YES;
				ONLY_ACTIVE_ARCH = YES;
				SDKROOT = iphoneos;
				SWIFT_ACTIVE_COMPILATION_CONDITIONS = "DEBUG $(inherited)";
				SWIFT_OPTIMIZATION_LEVEL = "-Onone";
			};
			name = Debug;
		};
		7FB7E7862CE71034004A300C /* Release */ = {
			isa = XCBuildConfiguration;
			buildSettings = {
				ALWAYS_SEARCH_USER_PATHS = NO;
				ASSETCATALOG_COMPILER_GENERATE_SWIFT_ASSET_SYMBOL_EXTENSIONS = YES;
				CLANG_ANALYZER_NONNULL = YES;
				CLANG_ANALYZER_NUMBER_OBJECT_CONVERSION = YES_AGGRESSIVE;
				CLANG_CXX_LANGUAGE_STANDARD = "gnu++20";
				CLANG_ENABLE_MODULES = YES;
				CLANG_ENABLE_OBJC_ARC = YES;
				CLANG_ENABLE_OBJC_WEAK = YES;
				CLANG_WARN_BLOCK_CAPTURE_AUTORELEASING = YES;
				CLANG_WARN_BOOL_CONVERSION = YES;
				CLANG_WARN_COMMA = YES;
				CLANG_WARN_CONSTANT_CONVERSION = YES;
				CLANG_WARN_DEPRECATED_OBJC_IMPLEMENTATIONS = YES;
				CLANG_WARN_DIRECT_OBJC_ISA_USAGE = YES_ERROR;
				CLANG_WARN_DOCUMENTATION_COMMENTS = YES;
				CLANG_WARN_EMPTY_BODY = YES;
				CLANG_WARN_ENUM_CONVERSION = YES;
				CLANG_WARN_INFINITE_RECURSION = YES;
				CLANG_WARN_INT_CONVERSION = YES;
				CLANG_WARN_NON_LITERAL_NULL_CONVERSION = YES;
				CLANG_WARN_OBJC_IMPLICIT_RETAIN_SELF = YES;
				CLANG_WARN_OBJC_LITERAL_CONVERSION = YES;
				CLANG_WARN_OBJC_ROOT_CLASS = YES_ERROR;
				CLANG_WARN_QUOTED_INCLUDE_IN_FRAMEWORK_HEADER = YES;
				CLANG_WARN_RANGE_LOOP_ANALYSIS = YES;
				CLANG_WARN_STRICT_PROTOTYPES = YES;
				CLANG_WARN_SUSPICIOUS_MOVE = YES;
				CLANG_WARN_UNGUARDED_AVAILABILITY = YES_AGGRESSIVE;
				CLANG_WARN_UNREACHABLE_CODE = YES;
				CLANG_WARN__DUPLICATE_METHOD_MATCH = YES;
				COPY_PHASE_STRIP = NO;
				DEBUG_INFORMATION_FORMAT = "dwarf-with-dsym";
				ENABLE_NS_ASSERTIONS = NO;
				ENABLE_STRICT_OBJC_MSGSEND = YES;
				ENABLE_USER_SCRIPT_SANDBOXING = YES;
				GCC_C_LANGUAGE_STANDARD = gnu17;
				GCC_NO_COMMON_BLOCKS = YES;
				GCC_WARN_64_TO_32_BIT_CONVERSION = YES;
				GCC_WARN_ABOUT_RETURN_TYPE = YES_ERROR;
				GCC_WARN_UNDECLARED_SELECTOR = YES;
				GCC_WARN_UNINITIALIZED_AUTOS = YES_AGGRESSIVE;
				GCC_WARN_UNUSED_FUNCTION = YES;
				GCC_WARN_UNUSED_VARIABLE = YES;
				IPHONEOS_DEPLOYMENT_TARGET = 18.1;
				LOCALIZATION_PREFERS_STRING_CATALOGS = YES;
				MTL_ENABLE_DEBUG_INFO = NO;
				MTL_FAST_MATH = YES;
				SDKROOT = iphoneos;
				SWIFT_COMPILATION_MODE = wholemodule;
				VALIDATE_PRODUCT = YES;
			};
			name = Release;
		};
		7FB7E7882CE71034004A300C /* Debug */ = {
			isa = XCBuildConfiguration;
			buildSettings = {
				ASSETCATALOG_COMPILER_APPICON_NAME = AppIcon;
				ASSETCATALOG_COMPILER_GLOBAL_ACCENT_COLOR_NAME = AccentColor;
				CODE_SIGN_STYLE = Automatic;
				CURRENT_PROJECT_VERSION = 1;
				DEVELOPMENT_TEAM = C77T3ALUS5;
				ENABLE_PREVIEWS = YES;
				FRAMEWORK_SEARCH_PATHS = (
					"$(PROJECT_DIR)/Frameworks",
					"$(PROJECT_DIR)",
				);
				GENERATE_INFOPLIST_FILE = YES;
				HEADER_SEARCH_PATHS = /Users/thanhhaikhong/Downloads/Packages/ImageMagickObjC/Dependencies/ImageMagick/include;
				INFOPLIST_FILE = "Example/Supporting Files/Info.plist";
				INFOPLIST_KEY_NSPhotoLibraryUsageDescription = "App want to access to display and manage the photos";
				INFOPLIST_KEY_NSUserTrackingUsageDescription = "“We use your data to deliver more personalized and relevant ads.”";
				INFOPLIST_KEY_UIApplicationSupportsIndirectInputEvents = YES;
				INFOPLIST_KEY_UILaunchScreen_Generation = YES;
				INFOPLIST_KEY_UISupportedInterfaceOrientations_iPad = "UIInterfaceOrientationPortrait UIInterfaceOrientationPortraitUpsideDown UIInterfaceOrientationLandscapeLeft UIInterfaceOrientationLandscapeRight";
				INFOPLIST_KEY_UISupportedInterfaceOrientations_iPhone = "UIInterfaceOrientationPortrait UIInterfaceOrientationLandscapeLeft UIInterfaceOrientationLandscapeRight";
				IPHONEOS_DEPLOYMENT_TARGET = 16.0;
				LD_RUNPATH_SEARCH_PATHS = (
					"$(inherited)",
					"@executable_path/Frameworks",
				);
				LIBRARY_SEARCH_PATHS = /Users/thanhhaikhong/Downloads/Packages/ImageMagickObjC/Dependencies/ImageMagick/lib;
				MARKETING_VERSION = 1.0;
				PRODUCT_BUNDLE_IDENTIFIER = com.orientpro.volumebooster;
				PRODUCT_NAME = "$(TARGET_NAME)";
				SWIFT_EMIT_LOC_STRINGS = YES;
				SWIFT_VERSION = 5.0;
				TARGETED_DEVICE_FAMILY = "1,2";
			};
			name = Debug;
		};
		7FB7E7892CE71034004A300C /* Release */ = {
			isa = XCBuildConfiguration;
			buildSettings = {
				ASSETCATALOG_COMPILER_APPICON_NAME = AppIcon;
				ASSETCATALOG_COMPILER_GLOBAL_ACCENT_COLOR_NAME = AccentColor;
				CODE_SIGN_STYLE = Automatic;
				CURRENT_PROJECT_VERSION = 1;
				DEBUG_INFORMATION_FORMAT = dwarf;
				DEVELOPMENT_TEAM = C77T3ALUS5;
				ENABLE_PREVIEWS = YES;
				FRAMEWORK_SEARCH_PATHS = (
					"$(PROJECT_DIR)/Frameworks",
					"$(PROJECT_DIR)",
				);
				GENERATE_INFOPLIST_FILE = YES;
				HEADER_SEARCH_PATHS = /Users/thanhhaikhong/Downloads/Packages/ImageMagickObjC/Dependencies/ImageMagick/include;
				INFOPLIST_FILE = "Example/Supporting Files/Info.plist";
				INFOPLIST_KEY_NSPhotoLibraryUsageDescription = "App want to access to display and manage the photos";
				INFOPLIST_KEY_NSUserTrackingUsageDescription = "“We use your data to deliver more personalized and relevant ads.”";
				INFOPLIST_KEY_UIApplicationSupportsIndirectInputEvents = YES;
				INFOPLIST_KEY_UILaunchScreen_Generation = YES;
				INFOPLIST_KEY_UISupportedInterfaceOrientations_iPad = "UIInterfaceOrientationPortrait UIInterfaceOrientationPortraitUpsideDown UIInterfaceOrientationLandscapeLeft UIInterfaceOrientationLandscapeRight";
				INFOPLIST_KEY_UISupportedInterfaceOrientations_iPhone = "UIInterfaceOrientationPortrait UIInterfaceOrientationLandscapeLeft UIInterfaceOrientationLandscapeRight";
				IPHONEOS_DEPLOYMENT_TARGET = 16.0;
				LD_RUNPATH_SEARCH_PATHS = (
					"$(inherited)",
					"@executable_path/Frameworks",
				);
				LIBRARY_SEARCH_PATHS = /Users/thanhhaikhong/Downloads/Packages/ImageMagickObjC/Dependencies/ImageMagick/lib;
				MARKETING_VERSION = 1.0;
				PRODUCT_BUNDLE_IDENTIFIER = com.orientpro.volumebooster;
				PRODUCT_NAME = "$(TARGET_NAME)";
				SWIFT_EMIT_LOC_STRINGS = YES;
				SWIFT_VERSION = 5.0;
				TARGETED_DEVICE_FAMILY = "1,2";
			};
			name = Release;
		};
		7FBA6F1D2D9B7C9700C096C8 /* Debug */ = {
			isa = XCBuildConfiguration;
			buildSettings = {
				ASSETCATALOG_COMPILER_APPICON_NAME = AppIcon;
				ASSETCATALOG_COMPILER_GLOBAL_ACCENT_COLOR_NAME = AccentColor;
				CODE_SIGN_STYLE = Automatic;
				CURRENT_PROJECT_VERSION = 1;
				DEVELOPMENT_ASSET_PATHS = "";
				DEVELOPMENT_TEAM = 87T49LGKSG;
				ENABLE_PREVIEWS = YES;
				GENERATE_INFOPLIST_FILE = YES;
				INFOPLIST_KEY_UIApplicationSceneManifest_Generation = YES;
				INFOPLIST_KEY_UIApplicationSupportsIndirectInputEvents = YES;
				INFOPLIST_KEY_UILaunchScreen_Generation = YES;
				INFOPLIST_KEY_UISupportedInterfaceOrientations_iPad = "UIInterfaceOrientationPortrait UIInterfaceOrientationPortraitUpsideDown UIInterfaceOrientationLandscapeLeft UIInterfaceOrientationLandscapeRight";
				INFOPLIST_KEY_UISupportedInterfaceOrientations_iPhone = "UIInterfaceOrientationPortrait UIInterfaceOrientationLandscapeLeft UIInterfaceOrientationLandscapeRight";
				IPHONEOS_DEPLOYMENT_TARGET = 16.0;
				LD_RUNPATH_SEARCH_PATHS = (
					"$(inherited)",
					"@executable_path/Frameworks",
				);
				MARKETING_VERSION = 1.0;
				PRODUCT_BUNDLE_IDENTIFIER = com.ThanhHaiKhong.StoreKitPreview;
				PRODUCT_NAME = "$(TARGET_NAME)";
				SWIFT_EMIT_LOC_STRINGS = YES;
				SWIFT_VERSION = 5.0;
				TARGETED_DEVICE_FAMILY = "1,2";
			};
			name = Debug;
		};
		7FBA6F1E2D9B7C9700C096C8 /* Release */ = {
			isa = XCBuildConfiguration;
			buildSettings = {
				ASSETCATALOG_COMPILER_APPICON_NAME = AppIcon;
				ASSETCATALOG_COMPILER_GLOBAL_ACCENT_COLOR_NAME = AccentColor;
				CODE_SIGN_STYLE = Automatic;
				CURRENT_PROJECT_VERSION = 1;
				DEVELOPMENT_ASSET_PATHS = "";
				DEVELOPMENT_TEAM = 87T49LGKSG;
				ENABLE_PREVIEWS = YES;
				GENERATE_INFOPLIST_FILE = YES;
				INFOPLIST_KEY_UIApplicationSceneManifest_Generation = YES;
				INFOPLIST_KEY_UIApplicationSupportsIndirectInputEvents = YES;
				INFOPLIST_KEY_UILaunchScreen_Generation = YES;
				INFOPLIST_KEY_UISupportedInterfaceOrientations_iPad = "UIInterfaceOrientationPortrait UIInterfaceOrientationPortraitUpsideDown UIInterfaceOrientationLandscapeLeft UIInterfaceOrientationLandscapeRight";
				INFOPLIST_KEY_UISupportedInterfaceOrientations_iPhone = "UIInterfaceOrientationPortrait UIInterfaceOrientationLandscapeLeft UIInterfaceOrientationLandscapeRight";
				IPHONEOS_DEPLOYMENT_TARGET = 16.0;
				LD_RUNPATH_SEARCH_PATHS = (
					"$(inherited)",
					"@executable_path/Frameworks",
				);
				MARKETING_VERSION = 1.0;
				PRODUCT_BUNDLE_IDENTIFIER = com.ThanhHaiKhong.StoreKitPreview;
				PRODUCT_NAME = "$(TARGET_NAME)";
				SWIFT_EMIT_LOC_STRINGS = YES;
				SWIFT_VERSION = 5.0;
				TARGETED_DEVICE_FAMILY = "1,2";
			};
			name = Release;
		};
/* End XCBuildConfiguration section */

/* Begin XCConfigurationList section */
		7F17AB3A2DCA3FEF00B2244E /* Build configuration list for PBXNativeTarget "SQLiteExplorations" */ = {
			isa = XCConfigurationList;
			buildConfigurations = (
				7F17AB382DCA3FEF00B2244E /* Debug */,
				7F17AB392DCA3FEF00B2244E /* Release */,
			);
			defaultConfigurationIsVisible = 0;
			defaultConfigurationName = Release;
		};
		7F1E19FD2E1FAE4500391585 /* Build configuration list for PBXNativeTarget "NetworkPreview" */ = {
			isa = XCConfigurationList;
			buildConfigurations = (
				7F1E19FB2E1FAE4500391585 /* Debug */,
				7F1E19FC2E1FAE4500391585 /* Release */,
			);
			defaultConfigurationIsVisible = 0;
			defaultConfigurationName = Release;
		};
		7F4079B42DBA19FE004FBE25 /* Build configuration list for PBXNativeTarget "MediaPlayerPreview" */ = {
			isa = XCConfigurationList;
			buildConfigurations = (
				7F4079B52DBA19FE004FBE25 /* Debug */,
				7F4079B62DBA19FE004FBE25 /* Release */,
			);
			defaultConfigurationIsVisible = 0;
			defaultConfigurationName = Release;
		};
		7F65834A2E08F723006ADF1C /* Build configuration list for PBXNativeTarget "UIDemoPreview" */ = {
			isa = XCConfigurationList;
			buildConfigurations = (
				7F65834B2E08F723006ADF1C /* Debug */,
				7F65834C2E08F723006ADF1C /* Release */,
			);
			defaultConfigurationIsVisible = 0;
			defaultConfigurationName = Release;
		};
		7FB7E7742CE71033004A300C /* Build configuration list for PBXProject "Example" */ = {
			isa = XCConfigurationList;
			buildConfigurations = (
				7FB7E7852CE71034004A300C /* Debug */,
				7FB7E7862CE71034004A300C /* Release */,
			);
			defaultConfigurationIsVisible = 0;
			defaultConfigurationName = Release;
		};
		7FB7E7872CE71034004A300C /* Build configuration list for PBXNativeTarget "Example" */ = {
			isa = XCConfigurationList;
			buildConfigurations = (
				7FB7E7882CE71034004A300C /* Debug */,
				7FB7E7892CE71034004A300C /* Release */,
			);
			defaultConfigurationIsVisible = 0;
			defaultConfigurationName = Release;
		};
		7FBA6F1C2D9B7C9700C096C8 /* Build configuration list for PBXNativeTarget "StoreKitPreview" */ = {
			isa = XCConfigurationList;
			buildConfigurations = (
				7FBA6F1D2D9B7C9700C096C8 /* Debug */,
				7FBA6F1E2D9B7C9700C096C8 /* Release */,
			);
			defaultConfigurationIsVisible = 0;
			defaultConfigurationName = Release;
		};
/* End XCConfigurationList section */

/* Begin XCRemoteSwiftPackageReference section */
		7F6CB3352DFBD9AC003CB3A5 /* XCRemoteSwiftPackageReference "swift-sdk" */ = {
			isa = XCRemoteSwiftPackageReference;
			repositoryURL = "https://github.com/modelcontextprotocol/swift-sdk.git";
			requirement = {
				kind = upToNextMajorVersion;
				minimumVersion = 0.9.0;
			};
		};
		7F8C72BB2DC0BFCD003561D5 /* XCRemoteSwiftPackageReference "Kingfisher" */ = {
			isa = XCRemoteSwiftPackageReference;
			repositoryURL = "https://github.com/onevcat/Kingfisher.git";
			requirement = {
				kind = upToNextMajorVersion;
				minimumVersion = 8.3.2;
			};
		};
		7FB3A8E62D830ACB00C66D26 /* XCRemoteSwiftPackageReference "Hero" */ = {
			isa = XCRemoteSwiftPackageReference;
			repositoryURL = "https://github.com/HeroTransitions/Hero.git";
			requirement = {
				kind = upToNextMajorVersion;
				minimumVersion = 1.6.4;
			};
		};
/* End XCRemoteSwiftPackageReference section */

/* Begin XCSwiftPackageProductDependency section */
		7F02B8592DBB490E002A4F1F /* Hero */ = {
			isa = XCSwiftPackageProductDependency;
			package = 7FB3A8E62D830ACB00C66D26 /* XCRemoteSwiftPackageReference "Hero" */;
			productName = Hero;
		};
		7F1CE1C92E0A59A6003773AC /* MobileAdsClient */ = {
			isa = XCSwiftPackageProductDependency;
			productName = MobileAdsClient;
		};
		7F1CE1CB2E0A59A6003773AC /* MobileAdsClientLive */ = {
			isa = XCSwiftPackageProductDependency;
			productName = MobileAdsClientLive;
		};
		7F1CE1CD2E0A59A6003773AC /* MobileAdsClientUI */ = {
			isa = XCSwiftPackageProductDependency;
			productName = MobileAdsClientUI;
		};
		7F4079D12DBA1EA2004FBE25 /* MediaPlayerClientLive */ = {
			isa = XCSwiftPackageProductDependency;
			productName = MediaPlayerClientLive;
		};
		7F4079D92DBA21A7004FBE25 /* UIKitPreviews */ = {
			isa = XCSwiftPackageProductDependency;
			productName = UIKitPreviews;
		};
		7F4A24062D599FB40036D1C7 /* NotificationsClient */ = {
			isa = XCSwiftPackageProductDependency;
			productName = NotificationsClient;
		};
		7F5399B72CED7209003141AC /* UIConstants */ = {
			isa = XCSwiftPackageProductDependency;
			productName = UIConstants;
		};
		7F5399B92CED72B1003141AC /* UIModifiers */ = {
			isa = XCSwiftPackageProductDependency;
			productName = UIModifiers;
		};
		7F6167472DCC98DF00F20023 /* MusicWasmClient */ = {
			isa = XCSwiftPackageProductDependency;
			productName = MusicWasmClient;
		};
		7F6167492DCC98DF00F20023 /* MusicWasmClientLive */ = {
			isa = XCSwiftPackageProductDependency;
			productName = MusicWasmClientLive;
		};
		7F6585562E0907BE006ADF1C /* UIKitPreviews */ = {
			isa = XCSwiftPackageProductDependency;
			productName = UIKitPreviews;
		};
		7F65855A2E093E9B006ADF1C /* UIComponents */ = {
			isa = XCSwiftPackageProductDependency;
			productName = UIComponents;
		};
		7F6CB3362DFBDC4E003CB3A5 /* MCP */ = {
			isa = XCSwiftPackageProductDependency;
			package = 7F6CB3352DFBD9AC003CB3A5 /* XCRemoteSwiftPackageReference "swift-sdk" */;
			productName = MCP;
		};
		7F76A20E2D5C5BA8001C9C6A /* TCAInitializableReducer */ = {
			isa = XCSwiftPackageProductDependency;
			productName = TCAInitializableReducer;
		};
		7F79E4B12DD48D7A008EAA8D /* NowPlayingClient */ = {
			isa = XCSwiftPackageProductDependency;
			productName = NowPlayingClient;
		};
		7F79E4B32DD48D7A008EAA8D /* NowPlayingClientLive */ = {
			isa = XCSwiftPackageProductDependency;
			productName = NowPlayingClientLive;
		};
		7F7DF8CB2DA76B8F004A2F42 /* ArchiveClient */ = {
			isa = XCSwiftPackageProductDependency;
			productName = ArchiveClient;
		};
		7F7DF8CD2DA76BD2004A2F42 /* PhotosClient */ = {
			isa = XCSwiftPackageProductDependency;
			productName = PhotosClient;
		};
		7F7DF8CF2DA76BD2004A2F42 /* PhotosClientLive */ = {
			isa = XCSwiftPackageProductDependency;
			productName = PhotosClientLive;
		};
		7F7DF8D12DA77352004A2F42 /* StoreKitClient */ = {
			isa = XCSwiftPackageProductDependency;
			productName = StoreKitClient;
		};
		7F7DF8D32DA77352004A2F42 /* StoreKitClientLive */ = {
			isa = XCSwiftPackageProductDependency;
			productName = StoreKitClientLive;
		};
		7F7DF8D52DA77BDF004A2F42 /* PHAssetClient */ = {
			isa = XCSwiftPackageProductDependency;
			productName = PHAssetClient;
		};
		7F7DF8D72DA77BDF004A2F42 /* PHAssetClientLive */ = {
			isa = XCSwiftPackageProductDependency;
			productName = PHAssetClientLive;
		};
		7F7E0D602D55D18200D3A652 /* MobileAdsClient */ = {
			isa = XCSwiftPackageProductDependency;
			productName = MobileAdsClient;
		};
		7F7E0D622D55D18200D3A652 /* MobileAdsClientLive */ = {
			isa = XCSwiftPackageProductDependency;
			productName = MobileAdsClientLive;
		};
		7F7E0D642D55D18200D3A652 /* MobileAdsClientUI */ = {
			isa = XCSwiftPackageProductDependency;
			productName = MobileAdsClientUI;
		};
		7F8C72AD2DC0471D003561D5 /* UIExtensions */ = {
			isa = XCSwiftPackageProductDependency;
			productName = UIExtensions;
		};
		7F8C72B72DC07180003561D5 /* DataExtensions */ = {
			isa = XCSwiftPackageProductDependency;
			productName = DataExtensions;
		};
		7F8C72B92DC08284003561D5 /* MediaPlayerClient */ = {
			isa = XCSwiftPackageProductDependency;
			productName = MediaPlayerClient;
		};
		7F8C72BC2DC0BFCD003561D5 /* Kingfisher */ = {
			isa = XCSwiftPackageProductDependency;
			package = 7F8C72BB2DC0BFCD003561D5 /* XCRemoteSwiftPackageReference "Kingfisher" */;
			productName = Kingfisher;
		};
		7F8C72BE2DC0F8DB003561D5 /* TimerClient */ = {
			isa = XCSwiftPackageProductDependency;
			productName = TimerClient;
		};
		7F8C72C02DC10322003561D5 /* TimerClientLive */ = {
			isa = XCSwiftPackageProductDependency;
			productName = TimerClientLive;
		};
		7F8E6DD32D5DB8820050BDAF /* NativeAdClient */ = {
			isa = XCSwiftPackageProductDependency;
			productName = NativeAdClient;
		};
		7F8E6DD52D5DB8820050BDAF /* NativeAdClientLive */ = {
			isa = XCSwiftPackageProductDependency;
			productName = NativeAdClientLive;
		};
		7FB3A8E72D830ACB00C66D26 /* Hero */ = {
			isa = XCSwiftPackageProductDependency;
			package = 7FB3A8E62D830ACB00C66D26 /* XCRemoteSwiftPackageReference "Hero" */;
			productName = Hero;
		};
		7FB7E7942CE710BE004A300C /* ImageMagick */ = {
			isa = XCSwiftPackageProductDependency;
			productName = ImageMagick;
		};
		7FBA6F2A2D9B7D0600C096C8 /* StoreKitClient */ = {
			isa = XCSwiftPackageProductDependency;
			productName = StoreKitClient;
		};
		7FBA70642D9B9D1800C096C8 /* RemoteConfigClient */ = {
			isa = XCSwiftPackageProductDependency;
			productName = RemoteConfigClient;
		};
		7FBA70662D9B9D1800C096C8 /* RemoteConfigClientLive */ = {
			isa = XCSwiftPackageProductDependency;
			productName = RemoteConfigClientLive;
		};
		7FC297882CFD94AC00674EEA /* UIComponents */ = {
			isa = XCSwiftPackageProductDependency;
			productName = UIComponents;
		};
		7FDD6FCE2D6FF67D00082A78 /* NotificationsClientUI */ = {
			isa = XCSwiftPackageProductDependency;
			productName = NotificationsClientUI;
		};
		7FE06F732D51CAC60002164B /* TCAFeatureAction */ = {
			isa = XCSwiftPackageProductDependency;
			productName = TCAFeatureAction;
		};
		7FE434912E1FB0E300EDF17A /* AuthenticationCore */ = {
			isa = XCSwiftPackageProductDependency;
			productName = AuthenticationCore;
		};
		7FEB9FCC2DB8800A00CE85BB /* MediaPlayerClientLive */ = {
			isa = XCSwiftPackageProductDependency;
			productName = MediaPlayerClientLive;
		};
/* End XCSwiftPackageProductDependency section */
	};
	rootObject = 7FB7E7712CE71033004A300C /* Project object */;
}
